
Microsoft Visual Studio Solution File, Format Version 12.00
# Visual Studio Version 17
VisualStudioVersion = 17.5.33530.505
MinimumVisualStudioVersion = 10.0.40219.1
Project("{FAE04EC0-301F-11D3-BF4B-00C04F79EFBC}") = "SJ2 Save Editor", "SJ2 Save Editor\SJ2 Save Editor.csproj", "{38198E8D-5F8C-4563-878F-92DBB537FE30}"
EndProject
Global
	GlobalSection(SolutionConfigurationPlatforms) = preSolution
		Debug|Any CPU = Debug|Any CPU
		Release|Any CPU = Release|Any CPU
	EndGlobalSection
	GlobalSection(ProjectConfigurationPlatforms) = postSolution
		{38198E8D-5F8C-4563-878F-92DBB537FE30}.Debug|Any CPU.ActiveCfg = Debug|Any CPU
		{38198E8D-5F8C-4563-878F-92DBB537FE30}.Debug|Any CPU.Build.0 = Debug|Any CPU
		{38198E8D-5F8C-4563-878F-92DBB537FE30}.Release|Any CPU.ActiveCfg = Release|Any CPU
		{38198E8D-5F8C-4563-878F-92DBB537FE30}.Release|Any CPU.Build.0 = Release|Any CPU
	EndGlobalSection
	GlobalSection(SolutionProperties) = preSolution
		HideSolutionNode = FALSE
	EndGlobalSection
	GlobalSection(ExtensibilityGlobals) = postSolution
		SolutionGuid = {4A330657-153E-493F-800A-52554B060B8C}
	EndGlobalSection
EndGlobal
